{
  "name": "crear-cuestionarios",
  "lockfileVersion": 3,
  "requires": true,
  "packages": {
    "": {
      "devDependencies": {
        "@types/dexie": "^1.3.32"
      }
    },
    "node_modules/@types/dexie": {
      "version": "1.3.32",
      "resolved": "https://registry.npmjs.org/@types/dexie/-/dexie-1.3.32.tgz",
      "integrity": "sha512-8olJD9JLM45eVRB/Dt3tLMixWgvUr3ssyZscqhrjYf+TroGeKXtnjD9Y28PKGc4tv+PePF2xxEAj7vHFi0vlKw==",
      "dev": true,
      "license": "MIT"
    }
  }
}
